
Microsoft Visual Studio Solution File, Format Version 12.00
# Visual Studio Version 16
VisualStudioVersion = 16.0.29201.188
MinimumVisualStudioVersion = 10.0.40219.1
Project("{9A19103F-16F7-4668-BE54-9A1E7A4F7556}") = "Homework", "ConsoleApp1\Homework.csproj", "{60823FFD-1582-4A33-BEEC-66C665531C16}"
EndProject
Global
	GlobalSection(SolutionConfigurationPlatforms) = preSolution
		Debug|Any CPU = Debug|Any CPU
		Release|Any CPU = Release|Any CPU
	EndGlobalSection
	GlobalSection(ProjectConfigurationPlatforms) = postSolution
		{60823FFD-1582-4A33-BEEC-66C665531C16}.Debug|Any CPU.ActiveCfg = Debug|Any CPU
		{60823FFD-1582-4A33-BEEC-66C665531C16}.Debug|Any CPU.Build.0 = Debug|Any CPU
		{60823FFD-1582-4A33-BEEC-66C665531C16}.Release|Any CPU.ActiveCfg = Release|Any CPU
		{60823FFD-1582-4A33-BEEC-66C665531C16}.Release|Any CPU.Build.0 = Release|Any CPU
	EndGlobalSection
	GlobalSection(SolutionProperties) = preSolution
		HideSolutionNode = FALSE
	EndGlobalSection
	GlobalSection(ExtensibilityGlobals) = postSolution
		SolutionGuid = {3FC1CD9D-7CDF-4B49-BA91-D1EA2E13A44C}
	EndGlobalSection
EndGlobal
